
Microsoft Visual Studio Solution File, Format Version 12.00
# Visual Studio 15
VisualStudioVersion = 15.0.27004.2002
MinimumVisualStudioVersion = 10.0.40219.1
Project("{F2A71F9B-5D33-465A-A702-920D77279786}") = "LabWorkspace", "LabWorkspace\LabWorkspace.fsproj", "{0B0C5BC1-27E1-4432-ABFF-86D9AA1F6A4E}"
EndProject
Global
	GlobalSection(SolutionConfigurationPlatforms) = preSolution
		Debug|Any CPU = Debug|Any CPU
		Release|Any CPU = Release|Any CPU
	EndGlobalSection
	GlobalSection(ProjectConfigurationPlatforms) = postSolution
		{0B0C5BC1-27E1-4432-ABFF-86D9AA1F6A4E}.Debug|Any CPU.ActiveCfg = Debug|Any CPU
		{0B0C5BC1-27E1-4432-ABFF-86D9AA1F6A4E}.Debug|Any CPU.Build.0 = Debug|Any CPU
		{0B0C5BC1-27E1-4432-ABFF-86D9AA1F6A4E}.Release|Any CPU.ActiveCfg = Release|Any CPU
		{0B0C5BC1-27E1-4432-ABFF-86D9AA1F6A4E}.Release|Any CPU.Build.0 = Release|Any CPU
	EndGlobalSection
	GlobalSection(SolutionProperties) = preSolution
		HideSolutionNode = FALSE
	EndGlobalSection
	GlobalSection(ExtensibilityGlobals) = postSolution
		SolutionGuid = {662FE082-FB92-44B0-B16D-77E1A9F8F173}
	EndGlobalSection
EndGlobal
